
Microsoft Visual Studio Solution File, Format Version 12.00
# Visual Studio Version 17
VisualStudioVersion = 17.7.34031.279
MinimumVisualStudioVersion = 10.0.40219.1
Project("{9A19103F-16F7-4668-BE54-9A1E7A4F7556}") = "SportClub", "SportClub\SportClub.csproj", "{62427072-781E-4AD4-BC96-348235E73D24}"
EndProject
Project("{9A19103F-16F7-4668-BE54-9A1E7A4F7556}") = "SportClub.DAL", "SportClub.DAL\SportClub.DAL.csproj", "{7103C72B-CA0A-42BD-A473-7CB768D2C721}"
EndProject
Project("{FAE04EC0-301F-11D3-BF4B-00C04F79EFBC}") = "SportClub.BLL", "SportClub.BLL\SportClub.BLL.csproj", "{B1484FF0-2442-4326-BF44-D5A6D1AB13E3}"
EndProject
Global
	GlobalSection(SolutionConfigurationPlatforms) = preSolution
		Debug|Any CPU = Debug|Any CPU
		Release|Any CPU = Release|Any CPU
	EndGlobalSection
	GlobalSection(ProjectConfigurationPlatforms) = postSolution
		{62427072-781E-4AD4-BC96-348235E73D24}.Debug|Any CPU.ActiveCfg = Debug|Any CPU
		{62427072-781E-4AD4-BC96-348235E73D24}.Debug|Any CPU.Build.0 = Debug|Any CPU
		{62427072-781E-4AD4-BC96-348235E73D24}.Release|Any CPU.ActiveCfg = Release|Any CPU
		{62427072-781E-4AD4-BC96-348235E73D24}.Release|Any CPU.Build.0 = Release|Any CPU
		{7103C72B-CA0A-42BD-A473-7CB768D2C721}.Debug|Any CPU.ActiveCfg = Debug|Any CPU
		{7103C72B-CA0A-42BD-A473-7CB768D2C721}.Debug|Any CPU.Build.0 = Debug|Any CPU
		{7103C72B-CA0A-42BD-A473-7CB768D2C721}.Release|Any CPU.ActiveCfg = Release|Any CPU
		{7103C72B-CA0A-42BD-A473-7CB768D2C721}.Release|Any CPU.Build.0 = Release|Any CPU
		{B1484FF0-2442-4326-BF44-D5A6D1AB13E3}.Debug|Any CPU.ActiveCfg = Debug|Any CPU
		{B1484FF0-2442-4326-BF44-D5A6D1AB13E3}.Debug|Any CPU.Build.0 = Debug|Any CPU
		{B1484FF0-2442-4326-BF44-D5A6D1AB13E3}.Release|Any CPU.ActiveCfg = Release|Any CPU
		{B1484FF0-2442-4326-BF44-D5A6D1AB13E3}.Release|Any CPU.Build.0 = Release|Any CPU
	EndGlobalSection
	GlobalSection(SolutionProperties) = preSolution
		HideSolutionNode = FALSE
	EndGlobalSection
	GlobalSection(ExtensibilityGlobals) = postSolution
		SolutionGuid = {75A68F17-37B8-4311-836A-B29A683D20AA}
	EndGlobalSection
EndGlobal
